
Microsoft Visual Studio Solution File, Format Version 12.00
# Visual Studio Version 17
VisualStudioVersion = 17.8.34525.116
MinimumVisualStudioVersion = 10.0.40219.1
Project("{FAE04EC0-301F-11D3-BF4B-00C04F79EFBC}") = "MvcStok", "MvcStok\MvcStok.csproj", "{5738F600-23BD-4795-9513-9B9D7A8EA92A}"
EndProject
Global
	GlobalSection(SolutionConfigurationPlatforms) = preSolution
		Debug|Any CPU = Debug|Any CPU
		Release|Any CPU = Release|Any CPU
	EndGlobalSection
	GlobalSection(ProjectConfigurationPlatforms) = postSolution
		{5738F600-23BD-4795-9513-9B9D7A8EA92A}.Debug|Any CPU.ActiveCfg = Debug|Any CPU
		{5738F600-23BD-4795-9513-9B9D7A8EA92A}.Debug|Any CPU.Build.0 = Debug|Any CPU
		{5738F600-23BD-4795-9513-9B9D7A8EA92A}.Release|Any CPU.ActiveCfg = Release|Any CPU
		{5738F600-23BD-4795-9513-9B9D7A8EA92A}.Release|Any CPU.Build.0 = Release|Any CPU
	EndGlobalSection
	GlobalSection(SolutionProperties) = preSolution
		HideSolutionNode = FALSE
	EndGlobalSection
	GlobalSection(ExtensibilityGlobals) = postSolution
		SolutionGuid = {CA60EB6A-4D10-42EE-8D16-05DD00342D39}
	EndGlobalSection
EndGlobal
